// !$*UTF8*$!
{
	archiveVersion = 1;
	classes = {
	};
	objectVersion = 55;
	objects = {

/* Begin PBXBuildFile section */
		141A30B8289A9AB000924F98 /* TMDBCollectionViewCell.swift in Sources */ = {isa = PBXBuildFile; fileRef = 141A30B6289A9AB000924F98 /* TMDBCollectionViewCell.swift */; };
		141A30B9289A9AB000924F98 /* TMDBCollectionViewCell.xib in Resources */ = {isa = PBXBuildFile; fileRef = 141A30B7289A9AB000924F98 /* TMDBCollectionViewCell.xib */; };
		141A30BB289A9AC300924F98 /* TMDBViewController.swift in Sources */ = {isa = PBXBuildFile; fileRef = 141A30BA289A9AC300924F98 /* TMDBViewController.swift */; };
		141A30BE289A9D2D00924F98 /* Alamofire in Frameworks */ = {isa = PBXBuildFile; productRef = 141A30BD289A9D2D00924F98 /* Alamofire */; };
		141A30C1289A9D3B00924F98 /* SwiftyJSON in Frameworks */ = {isa = PBXBuildFile; productRef = 141A30C0289A9D3B00924F98 /* SwiftyJSON */; };
		141A30C4289A9D4700924F98 /* Kingfisher in Frameworks */ = {isa = PBXBuildFile; productRef = 141A30C3289A9D4700924F98 /* Kingfisher */; };
		141A30C6289AA2AB00924F98 /* TMDBModel.swift in Sources */ = {isa = PBXBuildFile; fileRef = 141A30C5289AA2AB00924F98 /* TMDBModel.swift */; };
		145821EC2899F6CF00B13710 /* AppDelegate.swift in Sources */ = {isa = PBXBuildFile; fileRef = 145821EB2899F6CF00B13710 /* AppDelegate.swift */; };
		145821EE2899F6CF00B13710 /* SceneDelegate.swift in Sources */ = {isa = PBXBuildFile; fileRef = 145821ED2899F6CF00B13710 /* SceneDelegate.swift */; };
		145821F32899F6CF00B13710 /* Main.storyboard in Resources */ = {isa = PBXBuildFile; fileRef = 145821F12899F6CF00B13710 /* Main.storyboard */; };
		145821F52899F6CF00B13710 /* Assets.xcassets in Resources */ = {isa = PBXBuildFile; fileRef = 145821F42899F6CF00B13710 /* Assets.xcassets */; };
		145821F82899F6CF00B13710 /* LaunchScreen.storyboard in Resources */ = {isa = PBXBuildFile; fileRef = 145821F62899F6CF00B13710 /* LaunchScreen.storyboard */; };
		145822002899F7D400B13710 /* .gitignore in Resources */ = {isa = PBXBuildFile; fileRef = 145821FF2899F7D400B13710 /* .gitignore */; };
		145822042899F88E00B13710 /* APIKey.swift in Sources */ = {isa = PBXBuildFile; fileRef = 145822032899F88E00B13710 /* APIKey.swift */; };
		145822062899F9C400B13710 /* Constant.swift in Sources */ = {isa = PBXBuildFile; fileRef = 145822052899F9C400B13710 /* Constant.swift */; };
/* End PBXBuildFile section */

/* Begin PBXFileReference section */
		141A30B6289A9AB000924F98 /* TMDBCollectionViewCell.swift */ = {isa = PBXFileReference; lastKnownFileType = sourcecode.swift; path = TMDBCollectionViewCell.swift; sourceTree = "<group>"; };
		141A30B7289A9AB000924F98 /* TMDBCollectionViewCell.xib */ = {isa = PBXFileReference; lastKnownFileType = file.xib; path = TMDBCollectionViewCell.xib; sourceTree = "<group>"; };
		141A30BA289A9AC300924F98 /* TMDBViewController.swift */ = {isa = PBXFileReference; lastKnownFileType = sourcecode.swift; path = TMDBViewController.swift; sourceTree = "<group>"; };
		141A30C5289AA2AB00924F98 /* TMDBModel.swift */ = {isa = PBXFileReference; lastKnownFileType = sourcecode.swift; path = TMDBModel.swift; sourceTree = "<group>"; };
		145821E82899F6CF00B13710 /* TMDBProject.app */ = {isa = PBXFileReference; explicitFileType = wrapper.application; includeInIndex = 0; path = TMDBProject.app; sourceTree = BUILT_PRODUCTS_DIR; };
		145821EB2899F6CF00B13710 /* AppDelegate.swift */ = {isa = PBXFileReference; lastKnownFileType = sourcecode.swift; path = AppDelegate.swift; sourceTree = "<group>"; };
		145821ED2899F6CF00B13710 /* SceneDelegate.swift */ = {isa = PBXFileReference; lastKnownFileType = sourcecode.swift; path = SceneDelegate.swift; sourceTree = "<group>"; };
		145821F22899F6CF00B13710 /* Base */ = {isa = PBXFileReference; lastKnownFileType = file.storyboard; name = Base; path = Base.lproj/Main.storyboard; sourceTree = "<group>"; };
		145821F42899F6CF00B13710 /* Assets.xcassets */ = {isa = PBXFileReference; lastKnownFileType = folder.assetcatalog; path = Assets.xcassets; sourceTree = "<group>"; };
		145821F72899F6CF00B13710 /* Base */ = {isa = PBXFileReference; lastKnownFileType = file.storyboard; name = Base; path = Base.lproj/LaunchScreen.storyboard; sourceTree = "<group>"; };
		145821F92899F6CF00B13710 /* Info.plist */ = {isa = PBXFileReference; lastKnownFileType = text.plist.xml; path = Info.plist; sourceTree = "<group>"; };
		145821FF2899F7D400B13710 /* .gitignore */ = {isa = PBXFileReference; lastKnownFileType = text; path = .gitignore; sourceTree = "<group>"; };
		145822032899F88E00B13710 /* APIKey.swift */ = {isa = PBXFileReference; lastKnownFileType = sourcecode.swift; name = APIKey.swift; path = TMDBProject/Key/APIKey.swift; sourceTree = SOURCE_ROOT; };
		145822052899F9C400B13710 /* Constant.swift */ = {isa = PBXFileReference; lastKnownFileType = sourcecode.swift; name = Constant.swift; path = TMDBProject/Key/Constant.swift; sourceTree = SOURCE_ROOT; };
/* End PBXFileReference section */

/* Begin PBXFrameworksBuildPhase section */
		145821E52899F6CF00B13710 /* Frameworks */ = {
			isa = PBXFrameworksBuildPhase;
			buildActionMask = 2147483647;
			files = (
				141A30C4289A9D4700924F98 /* Kingfisher in Frameworks */,
				141A30C1289A9D3B00924F98 /* SwiftyJSON in Frameworks */,
				141A30BE289A9D2D00924F98 /* Alamofire in Frameworks */,
			);
			runOnlyForDeploymentPostprocessing = 0;
		};
/* End PBXFrameworksBuildPhase section */

/* Begin PBXGroup section */
		145821DF2899F6CF00B13710 = {
			isa = PBXGroup;
			children = (
				145821FF2899F7D400B13710 /* .gitignore */,
				145821EA2899F6CF00B13710 /* TMDBProject */,
				145821E92899F6CF00B13710 /* Products */,
			);
			sourceTree = "<group>";
		};
		145821E92899F6CF00B13710 /* Products */ = {
			isa = PBXGroup;
			children = (
				145821E82899F6CF00B13710 /* TMDBProject.app */,
			);
			name = Products;
			sourceTree = "<group>";
		};
		145821EA2899F6CF00B13710 /* TMDBProject */ = {
			isa = PBXGroup;
			children = (
				145822082899FA8600B13710 /* Key */,
				145822072899FA1600B13710 /* Resource */,
				145821EB2899F6CF00B13710 /* AppDelegate.swift */,
				145821ED2899F6CF00B13710 /* SceneDelegate.swift */,
				145821F12899F6CF00B13710 /* Main.storyboard */,
				141A30C5289AA2AB00924F98 /* TMDBModel.swift */,
				141A30BA289A9AC300924F98 /* TMDBViewController.swift */,
				141A30B6289A9AB000924F98 /* TMDBCollectionViewCell.swift */,
				141A30B7289A9AB000924F98 /* TMDBCollectionViewCell.xib */,
				145821F42899F6CF00B13710 /* Assets.xcassets */,
				145821F62899F6CF00B13710 /* LaunchScreen.storyboard */,
				145821F92899F6CF00B13710 /* Info.plist */,
			);
			path = TMDBProject;
			sourceTree = "<group>";
		};
		145822072899FA1600B13710 /* Resource */ = {
			isa = PBXGroup;
			children = (
			);
			path = Resource;
			sourceTree = "<group>";
		};
		145822082899FA8600B13710 /* Key */ = {
			isa = PBXGroup;
			children = (
				145822052899F9C400B13710 /* Constant.swift */,
				145822032899F88E00B13710 /* APIKey.swift */,
			);
			path = Key;
			sourceTree = "<group>";
		};
/* End PBXGroup section */

/* Begin PBXNativeTarget section */
		145821E72899F6CF00B13710 /* TMDBProject */ = {
			isa = PBXNativeTarget;
			buildConfigurationList = 145821FC2899F6CF00B13710 /* Build configuration list for PBXNativeTarget "TMDBProject" */;
			buildPhases = (
				145821E42899F6CF00B13710 /* Sources */,
				145821E52899F6CF00B13710 /* Frameworks */,
				145821E62899F6CF00B13710 /* Resources */,
			);
			buildRules = (
			);
			dependencies = (
			);
			name = TMDBProject;
			packageProductDependencies = (
				141A30BD289A9D2D00924F98 /* Alamofire */,
				141A30C0289A9D3B00924F98 /* SwiftyJSON */,
				141A30C3289A9D4700924F98 /* Kingfisher */,
			);
			productName = TMDBProject;
			productReference = 145821E82899F6CF00B13710 /* TMDBProject.app */;
			productType = "com.apple.product-type.application";
		};
/* End PBXNativeTarget section */

/* Begin PBXProject section */
		145821E02899F6CF00B13710 /* Project object */ = {
			isa = PBXProject;
			attributes = {
				BuildIndependentTargetsInParallel = 1;
				LastSwiftUpdateCheck = 1340;
				LastUpgradeCheck = 1340;
				TargetAttributes = {
					145821E72899F6CF00B13710 = {
						CreatedOnToolsVersion = 13.4.1;
					};
				};
			};
			buildConfigurationList = 145821E32899F6CF00B13710 /* Build configuration list for PBXProject "TMDBProject" */;
			compatibilityVersion = "Xcode 13.0";
			developmentRegion = en;
			hasScannedForEncodings = 0;
			knownRegions = (
				en,
				Base,
			);
			mainGroup = 145821DF2899F6CF00B13710;
			packageReferences = (
				141A30BC289A9D2D00924F98 /* XCRemoteSwiftPackageReference "Alamofire" */,
				141A30BF289A9D3B00924F98 /* XCRemoteSwiftPackageReference "SwiftyJSON" */,
				141A30C2289A9D4700924F98 /* XCRemoteSwiftPackageReference "Kingfisher" */,
			);
			productRefGroup = 145821E92899F6CF00B13710 /* Products */;
			projectDirPath = "";
			projectRoot = "";
			targets = (
				145821E72899F6CF00B13710 /* TMDBProject */,
			);
		};
/* End PBXProject section */

/* Begin PBXResourcesBuildPhase section */
		145821E62899F6CF00B13710 /* Resources */ = {
			isa = PBXResourcesBuildPhase;
			buildActionMask = 2147483647;
			files = (
				141A30B9289A9AB000924F98 /* TMDBCollectionViewCell.xib in Resources */,
				145822002899F7D400B13710 /* .gitignore in Resources */,
				145821F82899F6CF00B13710 /* LaunchScreen.storyboard in Resources */,
				145821F52899F6CF00B13710 /* Assets.xcassets in Resources */,
				145821F32899F6CF00B13710 /* Main.storyboard in Resources */,
			);
			runOnlyForDeploymentPostprocessing = 0;
		};
/* End PBXResourcesBuildPhase section */

/* Begin PBXSourcesBuildPhase section */
		145821E42899F6CF00B13710 /* Sources */ = {
			isa = PBXSourcesBuildPhase;
			buildActionMask = 2147483647;
			files = (
				141A30C6289AA2AB00924F98 /* TMDBModel.swift in Sources */,
				141A30BB289A9AC300924F98 /* TMDBViewController.swift in Sources */,
				145821EC2899F6CF00B13710 /* AppDelegate.swift in Sources */,
				141A30B8289A9AB000924F98 /* TMDBCollectionViewCell.swift in Sources */,
				145821EE2899F6CF00B13710 /* SceneDelegate.swift in Sources */,
				145822042899F88E00B13710 /* APIKey.swift in Sources */,
				145822062899F9C400B13710 /* Constant.swift in Sources */,
			);
			runOnlyForDeploymentPostprocessing = 0;
		};
/* End PBXSourcesBuildPhase section */

/* Begin PBXVariantGroup section */
		145821F12899F6CF00B13710 /* Main.storyboard */ = {
			isa = PBXVariantGroup;
			children = (
				145821F22899F6CF00B13710 /* Base */,
			);
			name = Main.storyboard;
			sourceTree = "<group>";
		};
		145821F62899F6CF00B13710 /* LaunchScreen.storyboard */ = {
			isa = PBXVariantGroup;
			children = (
				145821F72899F6CF00B13710 /* Base */,
			);
			name = LaunchScreen.storyboard;
			sourceTree = "<group>";
		};
/* End PBXVariantGroup section */

/* Begin XCBuildConfiguration section */
		145821FA2899F6CF00B13710 /* Debug */ = {
			isa = XCBuildConfiguration;
			buildSettings = {
				ALWAYS_SEARCH_USER_PATHS = NO;
				CLANG_ANALYZER_NONNULL = YES;
				CLANG_ANALYZER_NUMBER_OBJECT_CONVERSION = YES_AGGRESSIVE;
				CLANG_CXX_LANGUAGE_STANDARD = "gnu++17";
				CLANG_ENABLE_MODULES = YES;
				CLANG_ENABLE_OBJC_ARC = YES;
				CLANG_ENABLE_OBJC_WEAK = YES;
				CLANG_WARN_BLOCK_CAPTURE_AUTORELEASING = YES;
				CLANG_WARN_BOOL_CONVERSION = YES;
				CLANG_WARN_COMMA = YES;
				CLANG_WARN_CONSTANT_CONVERSION = YES;
				CLANG_WARN_DEPRECATED_OBJC_IMPLEMENTATIONS = YES;
				CLANG_WARN_DIRECT_OBJC_ISA_USAGE = YES_ERROR;
				CLANG_WARN_DOCUMENTATION_COMMENTS = YES;
				CLANG_WARN_EMPTY_BODY = YES;
				CLANG_WARN_ENUM_CONVERSION = YES;
				CLANG_WARN_INFINITE_RECURSION = YES;
				CLANG_WARN_INT_CONVERSION = YES;
				CLANG_WARN_NON_LITERAL_NULL_CONVERSION = YES;
				CLANG_WARN_OBJC_IMPLICIT_RETAIN_SELF = YES;
				CLANG_WARN_OBJC_LITERAL_CONVERSION = YES;
				CLANG_WARN_OBJC_ROOT_CLASS = YES_ERROR;
				CLANG_WARN_QUOTED_INCLUDE_IN_FRAMEWORK_HEADER = YES;
				CLANG_WARN_RANGE_LOOP_ANALYSIS = YES;
				CLANG_WARN_STRICT_PROTOTYPES = YES;
				CLANG_WARN_SUSPICIOUS_MOVE = YES;
				CLANG_WARN_UNGUARDED_AVAILABILITY = YES_AGGRESSIVE;
				CLANG_WARN_UNREACHABLE_CODE = YES;
				CLANG_WARN__DUPLICATE_METHOD_MATCH = YES;
				COPY_PHASE_STRIP = NO;
				DEBUG_INFORMATION_FORMAT = dwarf;
				ENABLE_STRICT_OBJC_MSGSEND = YES;
				ENABLE_TESTABILITY = YES;
				GCC_C_LANGUAGE_STANDARD = gnu11;
				GCC_DYNAMIC_NO_PIC = NO;
				GCC_NO_COMMON_BLOCKS = YES;
				GCC_OPTIMIZATION_LEVEL = 0;
				GCC_PREPROCESSOR_DEFINITIONS = (
					"DEBUG=1",
					"$(inherited)",
				);
				GCC_WARN_64_TO_32_BIT_CONVERSION = YES;
				GCC_WARN_ABOUT_RETURN_TYPE = YES_ERROR;
				GCC_WARN_UNDECLARED_SELECTOR = YES;
				GCC_WARN_UNINITIALIZED_AUTOS = YES_AGGRESSIVE;
				GCC_WARN_UNUSED_FUNCTION = YES;
				GCC_WARN_UNUSED_VARIABLE = YES;
				IPHONEOS_DEPLOYMENT_TARGET = 15.5;
				MTL_ENABLE_DEBUG_INFO = INCLUDE_SOURCE;
				MTL_FAST_MATH = YES;
				ONLY_ACTIVE_ARCH = YES;
				SDKROOT = iphoneos;
				SWIFT_ACTIVE_COMPILATION_CONDITIONS = DEBUG;
				SWIFT_OPTIMIZATION_LEVEL = "-Onone";
			};
			name = Debug;
		};
		145821FB2899F6CF00B13710 /* Release */ = {
			isa = XCBuildConfiguration;
			buildSettings = {
				ALWAYS_SEARCH_USER_PATHS = NO;
				CLANG_ANALYZER_NONNULL = YES;
				CLANG_ANALYZER_NUMBER_OBJECT_CONVERSION = YES_AGGRESSIVE;
				CLANG_CXX_LANGUAGE_STANDARD = "gnu++17";
				CLANG_ENABLE_MODULES = YES;
				CLANG_ENABLE_OBJC_ARC = YES;
				CLANG_ENABLE_OBJC_WEAK = YES;
				CLANG_WARN_BLOCK_CAPTURE_AUTORELEASING = YES;
				CLANG_WARN_BOOL_CONVERSION = YES;
				CLANG_WARN_COMMA = YES;
				CLANG_WARN_CONSTANT_CONVERSION = YES;
				CLANG_WARN_DEPRECATED_OBJC_IMPLEMENTATIONS = YES;
				CLANG_WARN_DIRECT_OBJC_ISA_USAGE = YES_ERROR;
				CLANG_WARN_DOCUMENTATION_COMMENTS = YES;
				CLANG_WARN_EMPTY_BODY = YES;
				CLANG_WARN_ENUM_CONVERSION = YES;
				CLANG_WARN_INFINITE_RECURSION = YES;
				CLANG_WARN_INT_CONVERSION = YES;
				CLANG_WARN_NON_LITERAL_NULL_CONVERSION = YES;
				CLANG_WARN_OBJC_IMPLICIT_RETAIN_SELF = YES;
				CLANG_WARN_OBJC_LITERAL_CONVERSION = YES;
				CLANG_WARN_OBJC_ROOT_CLASS = YES_ERROR;
				CLANG_WARN_QUOTED_INCLUDE_IN_FRAMEWORK_HEADER = YES;
				CLANG_WARN_RANGE_LOOP_ANALYSIS = YES;
				CLANG_WARN_STRICT_PROTOTYPES = YES;
				CLANG_WARN_SUSPICIOUS_MOVE = YES;
				CLANG_WARN_UNGUARDED_AVAILABILITY = YES_AGGRESSIVE;
				CLANG_WARN_UNREACHABLE_CODE = YES;
				CLANG_WARN__DUPLICATE_METHOD_MATCH = YES;
				COPY_PHASE_STRIP = NO;
				DEBUG_INFORMATION_FORMAT = "dwarf-with-dsym";
				ENABLE_NS_ASSERTIONS = NO;
				ENABLE_STRICT_OBJC_MSGSEND = YES;
				GCC_C_LANGUAGE_STANDARD = gnu11;
				GCC_NO_COMMON_BLOCKS = YES;
				GCC_WARN_64_TO_32_BIT_CONVERSION = YES;
				GCC_WARN_ABOUT_RETURN_TYPE = YES_ERROR;
				GCC_WARN_UNDECLARED_SELECTOR = YES;
				GCC_WARN_UNINITIALIZED_AUTOS = YES_AGGRESSIVE;
				GCC_WARN_UNUSED_FUNCTION = YES;
				GCC_WARN_UNUSED_VARIABLE = YES;
				IPHONEOS_DEPLOYMENT_TARGET = 15.5;
				MTL_ENABLE_DEBUG_INFO = NO;
				MTL_FAST_MATH = YES;
				SDKROOT = iphoneos;
				SWIFT_COMPILATION_MODE = wholemodule;
				SWIFT_OPTIMIZATION_LEVEL = "-O";
				VALIDATE_PRODUCT = YES;
			};
			name = Release;
		};
		145821FD2899F6CF00B13710 /* Debug */ = {
			isa = XCBuildConfiguration;
			buildSettings = {
				ASSETCATALOG_COMPILER_APPICON_NAME = AppIcon;
				ASSETCATALOG_COMPILER_GLOBAL_ACCENT_COLOR_NAME = AccentColor;
				CODE_SIGN_STYLE = Automatic;
				CURRENT_PROJECT_VERSION = 1;
				GENERATE_INFOPLIST_FILE = YES;
				INFOPLIST_FILE = TMDBProject/Info.plist;
				INFOPLIST_KEY_UIApplicationSupportsIndirectInputEvents = YES;
				INFOPLIST_KEY_UILaunchStoryboardName = LaunchScreen;
				INFOPLIST_KEY_UIMainStoryboardFile = Main;
				INFOPLIST_KEY_UISupportedInterfaceOrientations_iPad = "UIInterfaceOrientationPortrait UIInterfaceOrientationPortraitUpsideDown UIInterfaceOrientationLandscapeLeft UIInterfaceOrientationLandscapeRight";
				INFOPLIST_KEY_UISupportedInterfaceOrientations_iPhone = "UIInterfaceOrientationPortrait UIInterfaceOrientationLandscapeLeft UIInterfaceOrientationLandscapeRight";
				LD_RUNPATH_SEARCH_PATHS = (
					"$(inherited)",
					"@executable_path/Frameworks",
				);
				MARKETING_VERSION = 1.0;
				PRODUCT_BUNDLE_IDENTIFIER = idhun90.TMDBProject;
				PRODUCT_NAME = "$(TARGET_NAME)";
				SWIFT_EMIT_LOC_STRINGS = YES;
				SWIFT_VERSION = 5.0;
				TARGETED_DEVICE_FAMILY = "1,2";
			};
			name = Debug;
		};
		145821FE2899F6CF00B13710 /* Release */ = {
			isa = XCBuildConfiguration;
			buildSettings = {
				ASSETCATALOG_COMPILER_APPICON_NAME = AppIcon;
				ASSETCATALOG_COMPILER_GLOBAL_ACCENT_COLOR_NAME = AccentColor;
				CODE_SIGN_STYLE = Automatic;
				CURRENT_PROJECT_VERSION = 1;
				GENERATE_INFOPLIST_FILE = YES;
				INFOPLIST_FILE = TMDBProject/Info.plist;
				INFOPLIST_KEY_UIApplicationSupportsIndirectInputEvents = YES;
				INFOPLIST_KEY_UILaunchStoryboardName = LaunchScreen;
				INFOPLIST_KEY_UIMainStoryboardFile = Main;
				INFOPLIST_KEY_UISupportedInterfaceOrientations_iPad = "UIInterfaceOrientationPortrait UIInterfaceOrientationPortraitUpsideDown UIInterfaceOrientationLandscapeLeft UIInterfaceOrientationLandscapeRight";
				INFOPLIST_KEY_UISupportedInterfaceOrientations_iPhone = "UIInterfaceOrientationPortrait UIInterfaceOrientationLandscapeLeft UIInterfaceOrientationLandscapeRight";
				LD_RUNPATH_SEARCH_PATHS = (
					"$(inherited)",
					"@executable_path/Frameworks",
				);
				MARKETING_VERSION = 1.0;
				PRODUCT_BUNDLE_IDENTIFIER = idhun90.TMDBProject;
				PRODUCT_NAME = "$(TARGET_NAME)";
				SWIFT_EMIT_LOC_STRINGS = YES;
				SWIFT_VERSION = 5.0;
				TARGETED_DEVICE_FAMILY = "1,2";
			};
			name = Release;
		};
/* End XCBuildConfiguration section */

/* Begin XCConfigurationList section */
		145821E32899F6CF00B13710 /* Build configuration list for PBXProject "TMDBProject" */ = {
			isa = XCConfigurationList;
			buildConfigurations = (
				145821FA2899F6CF00B13710 /* Debug */,
				145821FB2899F6CF00B13710 /* Release */,
			);
			defaultConfigurationIsVisible = 0;
			defaultConfigurationName = Release;
		};
		145821FC2899F6CF00B13710 /* Build configuration list for PBXNativeTarget "TMDBProject" */ = {
			isa = XCConfigurationList;
			buildConfigurations = (
				145821FD2899F6CF00B13710 /* Debug */,
				145821FE2899F6CF00B13710 /* Release */,
			);
			defaultConfigurationIsVisible = 0;
			defaultConfigurationName = Release;
		};
/* End XCConfigurationList section */

/* Begin XCRemoteSwiftPackageReference section */
		141A30BC289A9D2D00924F98 /* XCRemoteSwiftPackageReference "Alamofire" */ = {
			isa = XCRemoteSwiftPackageReference;
			repositoryURL = "https://github.com/Alamofire/Alamofire.git";
			requirement = {
				kind = upToNextMajorVersion;
				minimumVersion = 5.0.0;
			};
		};
		141A30BF289A9D3B00924F98 /* XCRemoteSwiftPackageReference "SwiftyJSON" */ = {
			isa = XCRemoteSwiftPackageReference;
			repositoryURL = "https://github.com/SwiftyJSON/SwiftyJSON.git";
			requirement = {
				kind = upToNextMajorVersion;
				minimumVersion = 5.0.0;
			};
		};
		141A30C2289A9D4700924F98 /* XCRemoteSwiftPackageReference "Kingfisher" */ = {
			isa = XCRemoteSwiftPackageReference;
			repositoryURL = "https://github.com/onevcat/Kingfisher.git";
			requirement = {
				kind = upToNextMajorVersion;
				minimumVersion = 7.0.0;
			};
		};
/* End XCRemoteSwiftPackageReference section */

/* Begin XCSwiftPackageProductDependency section */
		141A30BD289A9D2D00924F98 /* Alamofire */ = {
			isa = XCSwiftPackageProductDependency;
			package = 141A30BC289A9D2D00924F98 /* XCRemoteSwiftPackageReference "Alamofire" */;
			productName = Alamofire;
		};
		141A30C0289A9D3B00924F98 /* SwiftyJSON */ = {
			isa = XCSwiftPackageProductDependency;
			package = 141A30BF289A9D3B00924F98 /* XCRemoteSwiftPackageReference "SwiftyJSON" */;
			productName = SwiftyJSON;
		};
		141A30C3289A9D4700924F98 /* Kingfisher */ = {
			isa = XCSwiftPackageProductDependency;
			package = 141A30C2289A9D4700924F98 /* XCRemoteSwiftPackageReference "Kingfisher" */;
			productName = Kingfisher;
		};
/* End XCSwiftPackageProductDependency section */
	};
	rootObject = 145821E02899F6CF00B13710 /* Project object */;
}
